
Microsoft Visual Studio Solution File, Format Version 12.00
Project("{FAE04EC0-301F-11D3-BF4B-00C04F79EFBC}") = "ExchangeRateTelegramBot", "ExchangeRateTelegramBot\ExchangeRateTelegramBot.csproj", "{EFBF5B6D-7051-4DAF-BBD7-A03DFE0FB210}"
EndProject
Global
	GlobalSection(SolutionConfigurationPlatforms) = preSolution
		Debug|Any CPU = Debug|Any CPU
		Release|Any CPU = Release|Any CPU
	EndGlobalSection
	GlobalSection(ProjectConfigurationPlatforms) = postSolution
		{EFBF5B6D-7051-4DAF-BBD7-A03DFE0FB210}.Debug|Any CPU.ActiveCfg = Debug|Any CPU
		{EFBF5B6D-7051-4DAF-BBD7-A03DFE0FB210}.Debug|Any CPU.Build.0 = Debug|Any CPU
		{EFBF5B6D-7051-4DAF-BBD7-A03DFE0FB210}.Release|Any CPU.ActiveCfg = Release|Any CPU
		{EFBF5B6D-7051-4DAF-BBD7-A03DFE0FB210}.Release|Any CPU.Build.0 = Release|Any CPU
	EndGlobalSection
EndGlobal
